
Microsoft Visual Studio Solution File, Format Version 12.00
# Visual Studio Version 17
VisualStudioVersion = 17.12.35728.132
MinimumVisualStudioVersion = 10.0.40219.1
Project("{2150E333-8FDC-42A3-9474-1A3956D46DE8}") = "src", "src", "{1D7529CC-52C6-495F-851A-EA72BAD3166E}"
EndProject
Project("{2150E333-8FDC-42A3-9474-1A3956D46DE8}") = "tests", "tests", "{A050D950-2CD4-4D5F-8BA1-BB85C281E00F}"
EndProject
Project("{2150E333-8FDC-42A3-9474-1A3956D46DE8}") = "Backend", "Backend", "{FA73F7FE-C278-48A2-B6A1-32F6301C9E4B}"
EndProject
Project("{2150E333-8FDC-42A3-9474-1A3956D46DE8}") = "Shared", "Shared", "{25AE9CDC-1767-4059-A9DA-B67190AB80C9}"
EndProject
Project("{2150E333-8FDC-42A3-9474-1A3956D46DE8}") = "Mobile", "Mobile", "{C96B014B-0B2F-4F3C-8BE3-26939EFDB979}"
EndProject
Project("{FAE04EC0-301F-11D3-BF4B-00C04F79EFBC}") = "MyRecipeBook.APi", "MyRecipeBook.APi\MyRecipeBook.APi.csproj", "{DACF68D1-6D5C-4321-8C44-A8237ED03FD4}"
EndProject
Project("{FAE04EC0-301F-11D3-BF4B-00C04F79EFBC}") = "MyRecipeBook.Domain", "MyRecipeBook.Domain\MyRecipeBook.Domain.csproj", "{73DE8612-551F-4956-92A9-703820D49F71}"
EndProject
Project("{FAE04EC0-301F-11D3-BF4B-00C04F79EFBC}") = "MyRecipeBook.Communication", "MyRecipeBook.Communication\MyRecipeBook.Communication.csproj", "{777DC0FF-9145-4D2F-9175-66608F7370D4}"
EndProject
Project("{FAE04EC0-301F-11D3-BF4B-00C04F79EFBC}") = "MyRecipeBook.Exceptions", "MyRecipeBook.Exceptions\MyRecipeBook.Exceptions.csproj", "{7AD17D27-D452-49F4-A7DA-977BFC83F692}"
EndProject
Project("{FAE04EC0-301F-11D3-BF4B-00C04F79EFBC}") = "MyRecipeBook.Infraestructure", "MyRecipeBook.Infraestructure\MyRecipeBook.Infraestructure.csproj", "{ACFEA36B-63DF-4DA8-9D39-FC3EDF4A6C0B}"
EndProject
Project("{FAE04EC0-301F-11D3-BF4B-00C04F79EFBC}") = "MyRecipeBook.Application", "MyRecipeBook.Application\MyRecipeBook.Application.csproj", "{981BBD80-942E-483A-9197-D6D0BD8B195D}"
EndProject
Global
	GlobalSection(SolutionConfigurationPlatforms) = preSolution
		Debug|Any CPU = Debug|Any CPU
		Debug|x64 = Debug|x64
		Debug|x86 = Debug|x86
		Release|Any CPU = Release|Any CPU
		Release|x64 = Release|x64
		Release|x86 = Release|x86
	EndGlobalSection
	GlobalSection(ProjectConfigurationPlatforms) = postSolution
		{DACF68D1-6D5C-4321-8C44-A8237ED03FD4}.Debug|Any CPU.ActiveCfg = Debug|Any CPU
		{DACF68D1-6D5C-4321-8C44-A8237ED03FD4}.Debug|Any CPU.Build.0 = Debug|Any CPU
		{DACF68D1-6D5C-4321-8C44-A8237ED03FD4}.Debug|x64.ActiveCfg = Debug|Any CPU
		{DACF68D1-6D5C-4321-8C44-A8237ED03FD4}.Debug|x64.Build.0 = Debug|Any CPU
		{DACF68D1-6D5C-4321-8C44-A8237ED03FD4}.Debug|x86.ActiveCfg = Debug|Any CPU
		{DACF68D1-6D5C-4321-8C44-A8237ED03FD4}.Debug|x86.Build.0 = Debug|Any CPU
		{DACF68D1-6D5C-4321-8C44-A8237ED03FD4}.Release|Any CPU.ActiveCfg = Release|Any CPU
		{DACF68D1-6D5C-4321-8C44-A8237ED03FD4}.Release|Any CPU.Build.0 = Release|Any CPU
		{DACF68D1-6D5C-4321-8C44-A8237ED03FD4}.Release|x64.ActiveCfg = Release|Any CPU
		{DACF68D1-6D5C-4321-8C44-A8237ED03FD4}.Release|x64.Build.0 = Release|Any CPU
		{DACF68D1-6D5C-4321-8C44-A8237ED03FD4}.Release|x86.ActiveCfg = Release|Any CPU
		{DACF68D1-6D5C-4321-8C44-A8237ED03FD4}.Release|x86.Build.0 = Release|Any CPU
		{73DE8612-551F-4956-92A9-703820D49F71}.Debug|Any CPU.ActiveCfg = Debug|Any CPU
		{73DE8612-551F-4956-92A9-703820D49F71}.Debug|Any CPU.Build.0 = Debug|Any CPU
		{73DE8612-551F-4956-92A9-703820D49F71}.Debug|x64.ActiveCfg = Debug|Any CPU
		{73DE8612-551F-4956-92A9-703820D49F71}.Debug|x64.Build.0 = Debug|Any CPU
		{73DE8612-551F-4956-92A9-703820D49F71}.Debug|x86.ActiveCfg = Debug|Any CPU
		{73DE8612-551F-4956-92A9-703820D49F71}.Debug|x86.Build.0 = Debug|Any CPU
		{73DE8612-551F-4956-92A9-703820D49F71}.Release|Any CPU.ActiveCfg = Release|Any CPU
		{73DE8612-551F-4956-92A9-703820D49F71}.Release|Any CPU.Build.0 = Release|Any CPU
		{73DE8612-551F-4956-92A9-703820D49F71}.Release|x64.ActiveCfg = Release|Any CPU
		{73DE8612-551F-4956-92A9-703820D49F71}.Release|x64.Build.0 = Release|Any CPU
		{73DE8612-551F-4956-92A9-703820D49F71}.Release|x86.ActiveCfg = Release|Any CPU
		{73DE8612-551F-4956-92A9-703820D49F71}.Release|x86.Build.0 = Release|Any CPU
		{777DC0FF-9145-4D2F-9175-66608F7370D4}.Debug|Any CPU.ActiveCfg = Debug|Any CPU
		{777DC0FF-9145-4D2F-9175-66608F7370D4}.Debug|Any CPU.Build.0 = Debug|Any CPU
		{777DC0FF-9145-4D2F-9175-66608F7370D4}.Debug|x64.ActiveCfg = Debug|Any CPU
		{777DC0FF-9145-4D2F-9175-66608F7370D4}.Debug|x64.Build.0 = Debug|Any CPU
		{777DC0FF-9145-4D2F-9175-66608F7370D4}.Debug|x86.ActiveCfg = Debug|Any CPU
		{777DC0FF-9145-4D2F-9175-66608F7370D4}.Debug|x86.Build.0 = Debug|Any CPU
		{777DC0FF-9145-4D2F-9175-66608F7370D4}.Release|Any CPU.ActiveCfg = Release|Any CPU
		{777DC0FF-9145-4D2F-9175-66608F7370D4}.Release|Any CPU.Build.0 = Release|Any CPU
		{777DC0FF-9145-4D2F-9175-66608F7370D4}.Release|x64.ActiveCfg = Release|Any CPU
		{777DC0FF-9145-4D2F-9175-66608F7370D4}.Release|x64.Build.0 = Release|Any CPU
		{777DC0FF-9145-4D2F-9175-66608F7370D4}.Release|x86.ActiveCfg = Release|Any CPU
		{777DC0FF-9145-4D2F-9175-66608F7370D4}.Release|x86.Build.0 = Release|Any CPU
		{7AD17D27-D452-49F4-A7DA-977BFC83F692}.Debug|Any CPU.ActiveCfg = Debug|Any CPU
		{7AD17D27-D452-49F4-A7DA-977BFC83F692}.Debug|Any CPU.Build.0 = Debug|Any CPU
		{7AD17D27-D452-49F4-A7DA-977BFC83F692}.Debug|x64.ActiveCfg = Debug|Any CPU
		{7AD17D27-D452-49F4-A7DA-977BFC83F692}.Debug|x64.Build.0 = Debug|Any CPU
		{7AD17D27-D452-49F4-A7DA-977BFC83F692}.Debug|x86.ActiveCfg = Debug|Any CPU
		{7AD17D27-D452-49F4-A7DA-977BFC83F692}.Debug|x86.Build.0 = Debug|Any CPU
		{7AD17D27-D452-49F4-A7DA-977BFC83F692}.Release|Any CPU.ActiveCfg = Release|Any CPU
		{7AD17D27-D452-49F4-A7DA-977BFC83F692}.Release|Any CPU.Build.0 = Release|Any CPU
		{7AD17D27-D452-49F4-A7DA-977BFC83F692}.Release|x64.ActiveCfg = Release|Any CPU
		{7AD17D27-D452-49F4-A7DA-977BFC83F692}.Release|x64.Build.0 = Release|Any CPU
		{7AD17D27-D452-49F4-A7DA-977BFC83F692}.Release|x86.ActiveCfg = Release|Any CPU
		{7AD17D27-D452-49F4-A7DA-977BFC83F692}.Release|x86.Build.0 = Release|Any CPU
		{ACFEA36B-63DF-4DA8-9D39-FC3EDF4A6C0B}.Debug|Any CPU.ActiveCfg = Debug|Any CPU
		{ACFEA36B-63DF-4DA8-9D39-FC3EDF4A6C0B}.Debug|Any CPU.Build.0 = Debug|Any CPU
		{ACFEA36B-63DF-4DA8-9D39-FC3EDF4A6C0B}.Debug|x64.ActiveCfg = Debug|Any CPU
		{ACFEA36B-63DF-4DA8-9D39-FC3EDF4A6C0B}.Debug|x64.Build.0 = Debug|Any CPU
		{ACFEA36B-63DF-4DA8-9D39-FC3EDF4A6C0B}.Debug|x86.ActiveCfg = Debug|Any CPU
		{ACFEA36B-63DF-4DA8-9D39-FC3EDF4A6C0B}.Debug|x86.Build.0 = Debug|Any CPU
		{ACFEA36B-63DF-4DA8-9D39-FC3EDF4A6C0B}.Release|Any CPU.ActiveCfg = Release|Any CPU
		{ACFEA36B-63DF-4DA8-9D39-FC3EDF4A6C0B}.Release|Any CPU.Build.0 = Release|Any CPU
		{ACFEA36B-63DF-4DA8-9D39-FC3EDF4A6C0B}.Release|x64.ActiveCfg = Release|Any CPU
		{ACFEA36B-63DF-4DA8-9D39-FC3EDF4A6C0B}.Release|x64.Build.0 = Release|Any CPU
		{ACFEA36B-63DF-4DA8-9D39-FC3EDF4A6C0B}.Release|x86.ActiveCfg = Release|Any CPU
		{ACFEA36B-63DF-4DA8-9D39-FC3EDF4A6C0B}.Release|x86.Build.0 = Release|Any CPU
		{981BBD80-942E-483A-9197-D6D0BD8B195D}.Debug|Any CPU.ActiveCfg = Debug|Any CPU
		{981BBD80-942E-483A-9197-D6D0BD8B195D}.Debug|Any CPU.Build.0 = Debug|Any CPU
		{981BBD80-942E-483A-9197-D6D0BD8B195D}.Debug|x64.ActiveCfg = Debug|Any CPU
		{981BBD80-942E-483A-9197-D6D0BD8B195D}.Debug|x64.Build.0 = Debug|Any CPU
		{981BBD80-942E-483A-9197-D6D0BD8B195D}.Debug|x86.ActiveCfg = Debug|Any CPU
		{981BBD80-942E-483A-9197-D6D0BD8B195D}.Debug|x86.Build.0 = Debug|Any CPU
		{981BBD80-942E-483A-9197-D6D0BD8B195D}.Release|Any CPU.ActiveCfg = Release|Any CPU
		{981BBD80-942E-483A-9197-D6D0BD8B195D}.Release|Any CPU.Build.0 = Release|Any CPU
		{981BBD80-942E-483A-9197-D6D0BD8B195D}.Release|x64.ActiveCfg = Release|Any CPU
		{981BBD80-942E-483A-9197-D6D0BD8B195D}.Release|x64.Build.0 = Release|Any CPU
		{981BBD80-942E-483A-9197-D6D0BD8B195D}.Release|x86.ActiveCfg = Release|Any CPU
		{981BBD80-942E-483A-9197-D6D0BD8B195D}.Release|x86.Build.0 = Release|Any CPU
	EndGlobalSection
	GlobalSection(SolutionProperties) = preSolution
		HideSolutionNode = FALSE
	EndGlobalSection
	GlobalSection(NestedProjects) = preSolution
		{FA73F7FE-C278-48A2-B6A1-32F6301C9E4B} = {1D7529CC-52C6-495F-851A-EA72BAD3166E}
		{25AE9CDC-1767-4059-A9DA-B67190AB80C9} = {1D7529CC-52C6-495F-851A-EA72BAD3166E}
		{C96B014B-0B2F-4F3C-8BE3-26939EFDB979} = {1D7529CC-52C6-495F-851A-EA72BAD3166E}
		{DACF68D1-6D5C-4321-8C44-A8237ED03FD4} = {FA73F7FE-C278-48A2-B6A1-32F6301C9E4B}
		{73DE8612-551F-4956-92A9-703820D49F71} = {FA73F7FE-C278-48A2-B6A1-32F6301C9E4B}
		{777DC0FF-9145-4D2F-9175-66608F7370D4} = {25AE9CDC-1767-4059-A9DA-B67190AB80C9}
		{7AD17D27-D452-49F4-A7DA-977BFC83F692} = {25AE9CDC-1767-4059-A9DA-B67190AB80C9}
		{ACFEA36B-63DF-4DA8-9D39-FC3EDF4A6C0B} = {FA73F7FE-C278-48A2-B6A1-32F6301C9E4B}
		{981BBD80-942E-483A-9197-D6D0BD8B195D} = {FA73F7FE-C278-48A2-B6A1-32F6301C9E4B}
	EndGlobalSection
EndGlobal
